
Microsoft Visual Studio Solution File, Format Version 12.00
# Visual Studio 15
VisualStudioVersion = 15.0.27130.2036
MinimumVisualStudioVersion = 10.0.40219.1
Project("{FAE04EC0-301F-11D3-BF4B-00C04F79EFBC}") = "ServerWithPlugins", "ServerWithPlugins\ServerWithPlugins.csproj", "{2F1C3631-A184-4FE5-8DCF-C32F39B1B7CF}"
	ProjectSection(ProjectDependencies) = postProject
		{77A6BAB3-33E6-442E-8D1C-1AD92987E206} = {77A6BAB3-33E6-442E-8D1C-1AD92987E206}
	EndProjectSection
EndProject
Project("{FAE04EC0-301F-11D3-BF4B-00C04F79EFBC}") = "LinkedLibrary", "LinkedLibrary\LinkedLibrary.csproj", "{B1BBF196-6C9D-44B0-A18D-3B15046A1E69}"
EndProject
Project("{FAE04EC0-301F-11D3-BF4B-00C04F79EFBC}") = "RuntimePlugin", "RuntimePlugin\RuntimePlugin.csproj", "{77A6BAB3-33E6-442E-8D1C-1AD92987E206}"
EndProject
Global
	GlobalSection(SolutionConfigurationPlatforms) = preSolution
		Debug|Any CPU = Debug|Any CPU
		Release|Any CPU = Release|Any CPU
	EndGlobalSection
	GlobalSection(ProjectConfigurationPlatforms) = postSolution
		{2F1C3631-A184-4FE5-8DCF-C32F39B1B7CF}.Debug|Any CPU.ActiveCfg = Debug|Any CPU
		{2F1C3631-A184-4FE5-8DCF-C32F39B1B7CF}.Debug|Any CPU.Build.0 = Debug|Any CPU
		{2F1C3631-A184-4FE5-8DCF-C32F39B1B7CF}.Release|Any CPU.ActiveCfg = Release|Any CPU
		{2F1C3631-A184-4FE5-8DCF-C32F39B1B7CF}.Release|Any CPU.Build.0 = Release|Any CPU
		{B1BBF196-6C9D-44B0-A18D-3B15046A1E69}.Debug|Any CPU.ActiveCfg = Debug|Any CPU
		{B1BBF196-6C9D-44B0-A18D-3B15046A1E69}.Debug|Any CPU.Build.0 = Debug|Any CPU
		{B1BBF196-6C9D-44B0-A18D-3B15046A1E69}.Release|Any CPU.ActiveCfg = Release|Any CPU
		{B1BBF196-6C9D-44B0-A18D-3B15046A1E69}.Release|Any CPU.Build.0 = Release|Any CPU
		{77A6BAB3-33E6-442E-8D1C-1AD92987E206}.Debug|Any CPU.ActiveCfg = Debug|Any CPU
		{77A6BAB3-33E6-442E-8D1C-1AD92987E206}.Debug|Any CPU.Build.0 = Debug|Any CPU
		{77A6BAB3-33E6-442E-8D1C-1AD92987E206}.Release|Any CPU.ActiveCfg = Release|Any CPU
		{77A6BAB3-33E6-442E-8D1C-1AD92987E206}.Release|Any CPU.Build.0 = Release|Any CPU
	EndGlobalSection
	GlobalSection(SolutionProperties) = preSolution
		HideSolutionNode = FALSE
	EndGlobalSection
	GlobalSection(ExtensibilityGlobals) = postSolution
		SolutionGuid = {B906EC5A-DDAB-4497-96F3-D29B2FB80681}
	EndGlobalSection
EndGlobal
